
Microsoft Visual Studio Solution File, Format Version 12.00
# Visual Studio 14
VisualStudioVersion = 14.0.23107.0
MinimumVisualStudioVersion = 10.0.40219.1
Project("{FAE04EC0-301F-11D3-BF4B-00C04F79EFBC}") = "Catharsis.Domain.Tests", "Catharsis.Domain.Tests\Catharsis.Domain.Tests.csproj", "{19CB82F3-5265-42A8-9538-17DD1F335B6B}"
EndProject
Project("{FAE04EC0-301F-11D3-BF4B-00C04F79EFBC}") = "Catharsis.Domain.4.0", "Catharsis.Domain.4.0\Catharsis.Domain.4.0.csproj", "{2DBD201F-206F-4AA6-B7BA-C3682C1F75DD}"
EndProject
Project("{FAE04EC0-301F-11D3-BF4B-00C04F79EFBC}") = "Catharsis.Domain.4.0.CP", "Catharsis.Domain.4.0.CP\Catharsis.Domain.4.0.CP.csproj", "{3E13F580-4702-4C58-8447-03A298F02753}"
EndProject
Project("{FAE04EC0-301F-11D3-BF4B-00C04F79EFBC}") = "Catharsis.Domain.4.5", "Catharsis.Domain.4.5\Catharsis.Domain.4.5.csproj", "{1446EF19-8BE9-4174-BE21-76FDED10BAF3}"
EndProject
Project("{FAE04EC0-301F-11D3-BF4B-00C04F79EFBC}") = "Catharsis.Domain.4.6", "Catharsis.Domain.4.6\Catharsis.Domain.4.6.csproj", "{FBA71015-A4EA-4429-BDDF-71DDE94A12B3}"
EndProject
Project("{FAE04EC0-301F-11D3-BF4B-00C04F79EFBC}") = "Catharsis.Domain.Universal", "Catharsis.Domain.Universal\Catharsis.Domain.Universal.csproj", "{28BC5E46-EED0-4FE4-AA7D-3B2333051EEE}"
EndProject
Project("{FAE04EC0-301F-11D3-BF4B-00C04F79EFBC}") = "Catharsis.Domain.Silverlight", "Catharsis.Domain.Silverlight\Catharsis.Domain.Silverlight.csproj", "{D2F9342D-EAEA-428E-8777-C2B81A1B467F}"
EndProject
Project("{FAE04EC0-301F-11D3-BF4B-00C04F79EFBC}") = "Catharsis.Domain.WindowsPhone", "Catharsis.Domain.WindowsPhone\Catharsis.Domain.WindowsPhone.csproj", "{93894409-E4DD-4909-A6FC-E64BC9B111B4}"
EndProject
Project("{FAE04EC0-301F-11D3-BF4B-00C04F79EFBC}") = "Catharsis.Domain.WindowsPhone.Silverlight", "Catharsis.Domain.WindowsPhone.Silverlight\Catharsis.Domain.WindowsPhone.Silverlight.csproj", "{3D9914A3-8710-47DD-AB13-3260D4894DBE}"
EndProject
Project("{FAE04EC0-301F-11D3-BF4B-00C04F79EFBC}") = "Catharsis.Domain.Windows", "Catharsis.Domain.Windows\Catharsis.Domain.Windows.csproj", "{626CD88D-4AA6-43B8-A8D1-FB9640C4E132}"
EndProject
Project("{FAE04EC0-301F-11D3-BF4B-00C04F79EFBC}") = "Catharsis.Domain.3.5", "Catharsis.Domain.3.5\Catharsis.Domain.3.5.csproj", "{01E27863-E954-428A-9D8D-09BB3D528C24}"
EndProject
Project("{FAE04EC0-301F-11D3-BF4B-00C04F79EFBC}") = "Catharsis.Domain.3.5.CP", "Catharsis.Domain.3.5.CP\Catharsis.Domain.3.5.CP.csproj", "{40470C8A-10E6-4456-8CFA-2D9DA5400327}"
EndProject
Global
	GlobalSection(SolutionConfigurationPlatforms) = preSolution
		Debug|Any CPU = Debug|Any CPU
		Debug|ARM = Debug|ARM
		Debug|x64 = Debug|x64
		Debug|x86 = Debug|x86
		Release|Any CPU = Release|Any CPU
		Release|ARM = Release|ARM
		Release|x64 = Release|x64
		Release|x86 = Release|x86
	EndGlobalSection
	GlobalSection(ProjectConfigurationPlatforms) = postSolution
		{19CB82F3-5265-42A8-9538-17DD1F335B6B}.Debug|Any CPU.ActiveCfg = Debug|Any CPU
		{19CB82F3-5265-42A8-9538-17DD1F335B6B}.Debug|Any CPU.Build.0 = Debug|Any CPU
		{19CB82F3-5265-42A8-9538-17DD1F335B6B}.Debug|ARM.ActiveCfg = Debug|Any CPU
		{19CB82F3-5265-42A8-9538-17DD1F335B6B}.Debug|ARM.Build.0 = Debug|Any CPU
		{19CB82F3-5265-42A8-9538-17DD1F335B6B}.Debug|x64.ActiveCfg = Debug|Any CPU
		{19CB82F3-5265-42A8-9538-17DD1F335B6B}.Debug|x64.Build.0 = Debug|Any CPU
		{19CB82F3-5265-42A8-9538-17DD1F335B6B}.Debug|x86.ActiveCfg = Debug|Any CPU
		{19CB82F3-5265-42A8-9538-17DD1F335B6B}.Debug|x86.Build.0 = Debug|Any CPU
		{19CB82F3-5265-42A8-9538-17DD1F335B6B}.Release|Any CPU.ActiveCfg = Release|Any CPU
		{19CB82F3-5265-42A8-9538-17DD1F335B6B}.Release|Any CPU.Build.0 = Release|Any CPU
		{19CB82F3-5265-42A8-9538-17DD1F335B6B}.Release|ARM.ActiveCfg = Release|Any CPU
		{19CB82F3-5265-42A8-9538-17DD1F335B6B}.Release|ARM.Build.0 = Release|Any CPU
		{19CB82F3-5265-42A8-9538-17DD1F335B6B}.Release|x64.ActiveCfg = Release|Any CPU
		{19CB82F3-5265-42A8-9538-17DD1F335B6B}.Release|x64.Build.0 = Release|Any CPU
		{19CB82F3-5265-42A8-9538-17DD1F335B6B}.Release|x86.ActiveCfg = Release|Any CPU
		{19CB82F3-5265-42A8-9538-17DD1F335B6B}.Release|x86.Build.0 = Release|Any CPU
		{2DBD201F-206F-4AA6-B7BA-C3682C1F75DD}.Debug|Any CPU.ActiveCfg = Debug|Any CPU
		{2DBD201F-206F-4AA6-B7BA-C3682C1F75DD}.Debug|Any CPU.Build.0 = Debug|Any CPU
		{2DBD201F-206F-4AA6-B7BA-C3682C1F75DD}.Debug|ARM.ActiveCfg = Debug|Any CPU
		{2DBD201F-206F-4AA6-B7BA-C3682C1F75DD}.Debug|ARM.Build.0 = Debug|Any CPU
		{2DBD201F-206F-4AA6-B7BA-C3682C1F75DD}.Debug|x64.ActiveCfg = Debug|Any CPU
		{2DBD201F-206F-4AA6-B7BA-C3682C1F75DD}.Debug|x64.Build.0 = Debug|Any CPU
		{2DBD201F-206F-4AA6-B7BA-C3682C1F75DD}.Debug|x86.ActiveCfg = Debug|Any CPU
		{2DBD201F-206F-4AA6-B7BA-C3682C1F75DD}.Debug|x86.Build.0 = Debug|Any CPU
		{2DBD201F-206F-4AA6-B7BA-C3682C1F75DD}.Release|Any CPU.ActiveCfg = Release|Any CPU
		{2DBD201F-206F-4AA6-B7BA-C3682C1F75DD}.Release|Any CPU.Build.0 = Release|Any CPU
		{2DBD201F-206F-4AA6-B7BA-C3682C1F75DD}.Release|ARM.ActiveCfg = Release|Any CPU
		{2DBD201F-206F-4AA6-B7BA-C3682C1F75DD}.Release|ARM.Build.0 = Release|Any CPU
		{2DBD201F-206F-4AA6-B7BA-C3682C1F75DD}.Release|x64.ActiveCfg = Release|Any CPU
		{2DBD201F-206F-4AA6-B7BA-C3682C1F75DD}.Release|x64.Build.0 = Release|Any CPU
		{2DBD201F-206F-4AA6-B7BA-C3682C1F75DD}.Release|x86.ActiveCfg = Release|Any CPU
		{2DBD201F-206F-4AA6-B7BA-C3682C1F75DD}.Release|x86.Build.0 = Release|Any CPU
		{3E13F580-4702-4C58-8447-03A298F02753}.Debug|Any CPU.ActiveCfg = Debug|Any CPU
		{3E13F580-4702-4C58-8447-03A298F02753}.Debug|Any CPU.Build.0 = Debug|Any CPU
		{3E13F580-4702-4C58-8447-03A298F02753}.Debug|ARM.ActiveCfg = Debug|Any CPU
		{3E13F580-4702-4C58-8447-03A298F02753}.Debug|ARM.Build.0 = Debug|Any CPU
		{3E13F580-4702-4C58-8447-03A298F02753}.Debug|x64.ActiveCfg = Debug|Any CPU
		{3E13F580-4702-4C58-8447-03A298F02753}.Debug|x64.Build.0 = Debug|Any CPU
		{3E13F580-4702-4C58-8447-03A298F02753}.Debug|x86.ActiveCfg = Debug|Any CPU
		{3E13F580-4702-4C58-8447-03A298F02753}.Debug|x86.Build.0 = Debug|Any CPU
		{3E13F580-4702-4C58-8447-03A298F02753}.Release|Any CPU.ActiveCfg = Release|Any CPU
		{3E13F580-4702-4C58-8447-03A298F02753}.Release|Any CPU.Build.0 = Release|Any CPU
		{3E13F580-4702-4C58-8447-03A298F02753}.Release|ARM.ActiveCfg = Release|Any CPU
		{3E13F580-4702-4C58-8447-03A298F02753}.Release|ARM.Build.0 = Release|Any CPU
		{3E13F580-4702-4C58-8447-03A298F02753}.Release|x64.ActiveCfg = Release|Any CPU
		{3E13F580-4702-4C58-8447-03A298F02753}.Release|x64.Build.0 = Release|Any CPU
		{3E13F580-4702-4C58-8447-03A298F02753}.Release|x86.ActiveCfg = Release|Any CPU
		{3E13F580-4702-4C58-8447-03A298F02753}.Release|x86.Build.0 = Release|Any CPU
		{1446EF19-8BE9-4174-BE21-76FDED10BAF3}.Debug|Any CPU.ActiveCfg = Debug|Any CPU
		{1446EF19-8BE9-4174-BE21-76FDED10BAF3}.Debug|Any CPU.Build.0 = Debug|Any CPU
		{1446EF19-8BE9-4174-BE21-76FDED10BAF3}.Debug|ARM.ActiveCfg = Debug|Any CPU
		{1446EF19-8BE9-4174-BE21-76FDED10BAF3}.Debug|ARM.Build.0 = Debug|Any CPU
		{1446EF19-8BE9-4174-BE21-76FDED10BAF3}.Debug|x64.ActiveCfg = Debug|Any CPU
		{1446EF19-8BE9-4174-BE21-76FDED10BAF3}.Debug|x64.Build.0 = Debug|Any CPU
		{1446EF19-8BE9-4174-BE21-76FDED10BAF3}.Debug|x86.ActiveCfg = Debug|Any CPU
		{1446EF19-8BE9-4174-BE21-76FDED10BAF3}.Debug|x86.Build.0 = Debug|Any CPU
		{1446EF19-8BE9-4174-BE21-76FDED10BAF3}.Release|Any CPU.ActiveCfg = Release|Any CPU
		{1446EF19-8BE9-4174-BE21-76FDED10BAF3}.Release|Any CPU.Build.0 = Release|Any CPU
		{1446EF19-8BE9-4174-BE21-76FDED10BAF3}.Release|ARM.ActiveCfg = Release|Any CPU
		{1446EF19-8BE9-4174-BE21-76FDED10BAF3}.Release|ARM.Build.0 = Release|Any CPU
		{1446EF19-8BE9-4174-BE21-76FDED10BAF3}.Release|x64.ActiveCfg = Release|Any CPU
		{1446EF19-8BE9-4174-BE21-76FDED10BAF3}.Release|x64.Build.0 = Release|Any CPU
		{1446EF19-8BE9-4174-BE21-76FDED10BAF3}.Release|x86.ActiveCfg = Release|Any CPU
		{1446EF19-8BE9-4174-BE21-76FDED10BAF3}.Release|x86.Build.0 = Release|Any CPU
		{FBA71015-A4EA-4429-BDDF-71DDE94A12B3}.Debug|Any CPU.ActiveCfg = Debug|Any CPU
		{FBA71015-A4EA-4429-BDDF-71DDE94A12B3}.Debug|Any CPU.Build.0 = Debug|Any CPU
		{FBA71015-A4EA-4429-BDDF-71DDE94A12B3}.Debug|ARM.ActiveCfg = Debug|Any CPU
		{FBA71015-A4EA-4429-BDDF-71DDE94A12B3}.Debug|ARM.Build.0 = Debug|Any CPU
		{FBA71015-A4EA-4429-BDDF-71DDE94A12B3}.Debug|x64.ActiveCfg = Debug|Any CPU
		{FBA71015-A4EA-4429-BDDF-71DDE94A12B3}.Debug|x64.Build.0 = Debug|Any CPU
		{FBA71015-A4EA-4429-BDDF-71DDE94A12B3}.Debug|x86.ActiveCfg = Debug|Any CPU
		{FBA71015-A4EA-4429-BDDF-71DDE94A12B3}.Debug|x86.Build.0 = Debug|Any CPU
		{FBA71015-A4EA-4429-BDDF-71DDE94A12B3}.Release|Any CPU.ActiveCfg = Release|Any CPU
		{FBA71015-A4EA-4429-BDDF-71DDE94A12B3}.Release|Any CPU.Build.0 = Release|Any CPU
		{FBA71015-A4EA-4429-BDDF-71DDE94A12B3}.Release|ARM.ActiveCfg = Release|Any CPU
		{FBA71015-A4EA-4429-BDDF-71DDE94A12B3}.Release|ARM.Build.0 = Release|Any CPU
		{FBA71015-A4EA-4429-BDDF-71DDE94A12B3}.Release|x64.ActiveCfg = Release|Any CPU
		{FBA71015-A4EA-4429-BDDF-71DDE94A12B3}.Release|x64.Build.0 = Release|Any CPU
		{FBA71015-A4EA-4429-BDDF-71DDE94A12B3}.Release|x86.ActiveCfg = Release|Any CPU
		{FBA71015-A4EA-4429-BDDF-71DDE94A12B3}.Release|x86.Build.0 = Release|Any CPU
		{28BC5E46-EED0-4FE4-AA7D-3B2333051EEE}.Debug|Any CPU.ActiveCfg = Debug|Any CPU
		{28BC5E46-EED0-4FE4-AA7D-3B2333051EEE}.Debug|Any CPU.Build.0 = Debug|Any CPU
		{28BC5E46-EED0-4FE4-AA7D-3B2333051EEE}.Debug|ARM.ActiveCfg = Debug|ARM
		{28BC5E46-EED0-4FE4-AA7D-3B2333051EEE}.Debug|ARM.Build.0 = Debug|ARM
		{28BC5E46-EED0-4FE4-AA7D-3B2333051EEE}.Debug|x64.ActiveCfg = Debug|x64
		{28BC5E46-EED0-4FE4-AA7D-3B2333051EEE}.Debug|x64.Build.0 = Debug|x64
		{28BC5E46-EED0-4FE4-AA7D-3B2333051EEE}.Debug|x86.ActiveCfg = Debug|x86
		{28BC5E46-EED0-4FE4-AA7D-3B2333051EEE}.Debug|x86.Build.0 = Debug|x86
		{28BC5E46-EED0-4FE4-AA7D-3B2333051EEE}.Release|Any CPU.ActiveCfg = Release|Any CPU
		{28BC5E46-EED0-4FE4-AA7D-3B2333051EEE}.Release|Any CPU.Build.0 = Release|Any CPU
		{28BC5E46-EED0-4FE4-AA7D-3B2333051EEE}.Release|ARM.ActiveCfg = Release|ARM
		{28BC5E46-EED0-4FE4-AA7D-3B2333051EEE}.Release|ARM.Build.0 = Release|ARM
		{28BC5E46-EED0-4FE4-AA7D-3B2333051EEE}.Release|x64.ActiveCfg = Release|x64
		{28BC5E46-EED0-4FE4-AA7D-3B2333051EEE}.Release|x64.Build.0 = Release|x64
		{28BC5E46-EED0-4FE4-AA7D-3B2333051EEE}.Release|x86.ActiveCfg = Release|x86
		{28BC5E46-EED0-4FE4-AA7D-3B2333051EEE}.Release|x86.Build.0 = Release|x86
		{D2F9342D-EAEA-428E-8777-C2B81A1B467F}.Debug|Any CPU.ActiveCfg = Debug|Any CPU
		{D2F9342D-EAEA-428E-8777-C2B81A1B467F}.Debug|Any CPU.Build.0 = Debug|Any CPU
		{D2F9342D-EAEA-428E-8777-C2B81A1B467F}.Debug|ARM.ActiveCfg = Debug|Any CPU
		{D2F9342D-EAEA-428E-8777-C2B81A1B467F}.Debug|ARM.Build.0 = Debug|Any CPU
		{D2F9342D-EAEA-428E-8777-C2B81A1B467F}.Debug|x64.ActiveCfg = Debug|Any CPU
		{D2F9342D-EAEA-428E-8777-C2B81A1B467F}.Debug|x64.Build.0 = Debug|Any CPU
		{D2F9342D-EAEA-428E-8777-C2B81A1B467F}.Debug|x86.ActiveCfg = Debug|Any CPU
		{D2F9342D-EAEA-428E-8777-C2B81A1B467F}.Debug|x86.Build.0 = Debug|Any CPU
		{D2F9342D-EAEA-428E-8777-C2B81A1B467F}.Release|Any CPU.ActiveCfg = Release|Any CPU
		{D2F9342D-EAEA-428E-8777-C2B81A1B467F}.Release|Any CPU.Build.0 = Release|Any CPU
		{D2F9342D-EAEA-428E-8777-C2B81A1B467F}.Release|ARM.ActiveCfg = Release|Any CPU
		{D2F9342D-EAEA-428E-8777-C2B81A1B467F}.Release|ARM.Build.0 = Release|Any CPU
		{D2F9342D-EAEA-428E-8777-C2B81A1B467F}.Release|x64.ActiveCfg = Release|Any CPU
		{D2F9342D-EAEA-428E-8777-C2B81A1B467F}.Release|x64.Build.0 = Release|Any CPU
		{D2F9342D-EAEA-428E-8777-C2B81A1B467F}.Release|x86.ActiveCfg = Release|Any CPU
		{D2F9342D-EAEA-428E-8777-C2B81A1B467F}.Release|x86.Build.0 = Release|Any CPU
		{93894409-E4DD-4909-A6FC-E64BC9B111B4}.Debug|Any CPU.ActiveCfg = Debug|Any CPU
		{93894409-E4DD-4909-A6FC-E64BC9B111B4}.Debug|Any CPU.Build.0 = Debug|Any CPU
		{93894409-E4DD-4909-A6FC-E64BC9B111B4}.Debug|ARM.ActiveCfg = Debug|ARM
		{93894409-E4DD-4909-A6FC-E64BC9B111B4}.Debug|ARM.Build.0 = Debug|ARM
		{93894409-E4DD-4909-A6FC-E64BC9B111B4}.Debug|x64.ActiveCfg = Debug|Any CPU
		{93894409-E4DD-4909-A6FC-E64BC9B111B4}.Debug|x64.Build.0 = Debug|Any CPU
		{93894409-E4DD-4909-A6FC-E64BC9B111B4}.Debug|x86.ActiveCfg = Debug|x86
		{93894409-E4DD-4909-A6FC-E64BC9B111B4}.Debug|x86.Build.0 = Debug|x86
		{93894409-E4DD-4909-A6FC-E64BC9B111B4}.Release|Any CPU.ActiveCfg = Release|Any CPU
		{93894409-E4DD-4909-A6FC-E64BC9B111B4}.Release|Any CPU.Build.0 = Release|Any CPU
		{93894409-E4DD-4909-A6FC-E64BC9B111B4}.Release|ARM.ActiveCfg = Release|ARM
		{93894409-E4DD-4909-A6FC-E64BC9B111B4}.Release|ARM.Build.0 = Release|ARM
		{93894409-E4DD-4909-A6FC-E64BC9B111B4}.Release|x64.ActiveCfg = Release|Any CPU
		{93894409-E4DD-4909-A6FC-E64BC9B111B4}.Release|x64.Build.0 = Release|Any CPU
		{93894409-E4DD-4909-A6FC-E64BC9B111B4}.Release|x86.ActiveCfg = Release|x86
		{93894409-E4DD-4909-A6FC-E64BC9B111B4}.Release|x86.Build.0 = Release|x86
		{3D9914A3-8710-47DD-AB13-3260D4894DBE}.Debug|Any CPU.ActiveCfg = Debug|Any CPU
		{3D9914A3-8710-47DD-AB13-3260D4894DBE}.Debug|Any CPU.Build.0 = Debug|Any CPU
		{3D9914A3-8710-47DD-AB13-3260D4894DBE}.Debug|ARM.ActiveCfg = Debug|ARM
		{3D9914A3-8710-47DD-AB13-3260D4894DBE}.Debug|ARM.Build.0 = Debug|ARM
		{3D9914A3-8710-47DD-AB13-3260D4894DBE}.Debug|x64.ActiveCfg = Debug|Any CPU
		{3D9914A3-8710-47DD-AB13-3260D4894DBE}.Debug|x64.Build.0 = Debug|Any CPU
		{3D9914A3-8710-47DD-AB13-3260D4894DBE}.Debug|x86.ActiveCfg = Debug|x86
		{3D9914A3-8710-47DD-AB13-3260D4894DBE}.Debug|x86.Build.0 = Debug|x86
		{3D9914A3-8710-47DD-AB13-3260D4894DBE}.Release|Any CPU.ActiveCfg = Release|Any CPU
		{3D9914A3-8710-47DD-AB13-3260D4894DBE}.Release|Any CPU.Build.0 = Release|Any CPU
		{3D9914A3-8710-47DD-AB13-3260D4894DBE}.Release|ARM.ActiveCfg = Release|ARM
		{3D9914A3-8710-47DD-AB13-3260D4894DBE}.Release|ARM.Build.0 = Release|ARM
		{3D9914A3-8710-47DD-AB13-3260D4894DBE}.Release|x64.ActiveCfg = Release|Any CPU
		{3D9914A3-8710-47DD-AB13-3260D4894DBE}.Release|x64.Build.0 = Release|Any CPU
		{3D9914A3-8710-47DD-AB13-3260D4894DBE}.Release|x86.ActiveCfg = Release|x86
		{3D9914A3-8710-47DD-AB13-3260D4894DBE}.Release|x86.Build.0 = Release|x86
		{626CD88D-4AA6-43B8-A8D1-FB9640C4E132}.Debug|Any CPU.ActiveCfg = Debug|Any CPU
		{626CD88D-4AA6-43B8-A8D1-FB9640C4E132}.Debug|Any CPU.Build.0 = Debug|Any CPU
		{626CD88D-4AA6-43B8-A8D1-FB9640C4E132}.Debug|ARM.ActiveCfg = Debug|ARM
		{626CD88D-4AA6-43B8-A8D1-FB9640C4E132}.Debug|ARM.Build.0 = Debug|ARM
		{626CD88D-4AA6-43B8-A8D1-FB9640C4E132}.Debug|x64.ActiveCfg = Debug|x64
		{626CD88D-4AA6-43B8-A8D1-FB9640C4E132}.Debug|x64.Build.0 = Debug|x64
		{626CD88D-4AA6-43B8-A8D1-FB9640C4E132}.Debug|x86.ActiveCfg = Debug|x86
		{626CD88D-4AA6-43B8-A8D1-FB9640C4E132}.Debug|x86.Build.0 = Debug|x86
		{626CD88D-4AA6-43B8-A8D1-FB9640C4E132}.Release|Any CPU.ActiveCfg = Release|Any CPU
		{626CD88D-4AA6-43B8-A8D1-FB9640C4E132}.Release|Any CPU.Build.0 = Release|Any CPU
		{626CD88D-4AA6-43B8-A8D1-FB9640C4E132}.Release|ARM.ActiveCfg = Release|ARM
		{626CD88D-4AA6-43B8-A8D1-FB9640C4E132}.Release|ARM.Build.0 = Release|ARM
		{626CD88D-4AA6-43B8-A8D1-FB9640C4E132}.Release|x64.ActiveCfg = Release|x64
		{626CD88D-4AA6-43B8-A8D1-FB9640C4E132}.Release|x64.Build.0 = Release|x64
		{626CD88D-4AA6-43B8-A8D1-FB9640C4E132}.Release|x86.ActiveCfg = Release|x86
		{626CD88D-4AA6-43B8-A8D1-FB9640C4E132}.Release|x86.Build.0 = Release|x86
		{01E27863-E954-428A-9D8D-09BB3D528C24}.Debug|Any CPU.ActiveCfg = Debug|Any CPU
		{01E27863-E954-428A-9D8D-09BB3D528C24}.Debug|Any CPU.Build.0 = Debug|Any CPU
		{01E27863-E954-428A-9D8D-09BB3D528C24}.Debug|ARM.ActiveCfg = Debug|Any CPU
		{01E27863-E954-428A-9D8D-09BB3D528C24}.Debug|ARM.Build.0 = Debug|Any CPU
		{01E27863-E954-428A-9D8D-09BB3D528C24}.Debug|x64.ActiveCfg = Debug|Any CPU
		{01E27863-E954-428A-9D8D-09BB3D528C24}.Debug|x64.Build.0 = Debug|Any CPU
		{01E27863-E954-428A-9D8D-09BB3D528C24}.Debug|x86.ActiveCfg = Debug|Any CPU
		{01E27863-E954-428A-9D8D-09BB3D528C24}.Debug|x86.Build.0 = Debug|Any CPU
		{01E27863-E954-428A-9D8D-09BB3D528C24}.Release|Any CPU.ActiveCfg = Release|Any CPU
		{01E27863-E954-428A-9D8D-09BB3D528C24}.Release|Any CPU.Build.0 = Release|Any CPU
		{01E27863-E954-428A-9D8D-09BB3D528C24}.Release|ARM.ActiveCfg = Release|Any CPU
		{01E27863-E954-428A-9D8D-09BB3D528C24}.Release|ARM.Build.0 = Release|Any CPU
		{01E27863-E954-428A-9D8D-09BB3D528C24}.Release|x64.ActiveCfg = Release|Any CPU
		{01E27863-E954-428A-9D8D-09BB3D528C24}.Release|x64.Build.0 = Release|Any CPU
		{01E27863-E954-428A-9D8D-09BB3D528C24}.Release|x86.ActiveCfg = Release|Any CPU
		{01E27863-E954-428A-9D8D-09BB3D528C24}.Release|x86.Build.0 = Release|Any CPU
		{40470C8A-10E6-4456-8CFA-2D9DA5400327}.Debug|Any CPU.ActiveCfg = Debug|Any CPU
		{40470C8A-10E6-4456-8CFA-2D9DA5400327}.Debug|Any CPU.Build.0 = Debug|Any CPU
		{40470C8A-10E6-4456-8CFA-2D9DA5400327}.Debug|ARM.ActiveCfg = Debug|Any CPU
		{40470C8A-10E6-4456-8CFA-2D9DA5400327}.Debug|ARM.Build.0 = Debug|Any CPU
		{40470C8A-10E6-4456-8CFA-2D9DA5400327}.Debug|x64.ActiveCfg = Debug|Any CPU
		{40470C8A-10E6-4456-8CFA-2D9DA5400327}.Debug|x64.Build.0 = Debug|Any CPU
		{40470C8A-10E6-4456-8CFA-2D9DA5400327}.Debug|x86.ActiveCfg = Debug|Any CPU
		{40470C8A-10E6-4456-8CFA-2D9DA5400327}.Debug|x86.Build.0 = Debug|Any CPU
		{40470C8A-10E6-4456-8CFA-2D9DA5400327}.Release|Any CPU.ActiveCfg = Release|Any CPU
		{40470C8A-10E6-4456-8CFA-2D9DA5400327}.Release|Any CPU.Build.0 = Release|Any CPU
		{40470C8A-10E6-4456-8CFA-2D9DA5400327}.Release|ARM.ActiveCfg = Release|Any CPU
		{40470C8A-10E6-4456-8CFA-2D9DA5400327}.Release|ARM.Build.0 = Release|Any CPU
		{40470C8A-10E6-4456-8CFA-2D9DA5400327}.Release|x64.ActiveCfg = Release|Any CPU
		{40470C8A-10E6-4456-8CFA-2D9DA5400327}.Release|x64.Build.0 = Release|Any CPU
		{40470C8A-10E6-4456-8CFA-2D9DA5400327}.Release|x86.ActiveCfg = Release|Any CPU
		{40470C8A-10E6-4456-8CFA-2D9DA5400327}.Release|x86.Build.0 = Release|Any CPU
	EndGlobalSection
	GlobalSection(SolutionProperties) = preSolution
		HideSolutionNode = FALSE
	EndGlobalSection
EndGlobal
