
Microsoft Visual Studio Solution File, Format Version 12.00
# Visual Studio Version 17
VisualStudioVersion = 17.3.32819.101
MinimumVisualStudioVersion = 10.0.40219.1
Project("{9A19103F-16F7-4668-BE54-9A1E7A4F7556}") = "Catharsis.Domain.Standard", "Catharsis.Domain.Standard\Catharsis.Domain.Standard.csproj", "{6C1F95A6-00FF-47CA-9213-D24E8BEE8937}"
EndProject
Project("{9A19103F-16F7-4668-BE54-9A1E7A4F7556}") = "Catharsis.Domain.Core", "Catharsis.Domain.Core\Catharsis.Domain.Core.csproj", "{A21D49EE-F309-454A-B456-BB1AED412981}"
EndProject
Project("{FAE04EC0-301F-11D3-BF4B-00C04F79EFBC}") = "Catharsis.Domain.Tests", "Catharsis.Domain.Tests\Catharsis.Domain.Tests.csproj", "{151F8162-7EFA-4889-93D3-918AF398CA94}"
EndProject
Global
	GlobalSection(SolutionConfigurationPlatforms) = preSolution
		Debug|Any CPU = Debug|Any CPU
		Debug|ARM = Debug|ARM
		Debug|x64 = Debug|x64
		Debug|x86 = Debug|x86
		Release|Any CPU = Release|Any CPU
		Release|ARM = Release|ARM
		Release|x64 = Release|x64
		Release|x86 = Release|x86
	EndGlobalSection
	GlobalSection(ProjectConfigurationPlatforms) = postSolution
		{6C1F95A6-00FF-47CA-9213-D24E8BEE8937}.Debug|Any CPU.ActiveCfg = Debug|Any CPU
		{6C1F95A6-00FF-47CA-9213-D24E8BEE8937}.Debug|Any CPU.Build.0 = Debug|Any CPU
		{6C1F95A6-00FF-47CA-9213-D24E8BEE8937}.Debug|ARM.ActiveCfg = Debug|Any CPU
		{6C1F95A6-00FF-47CA-9213-D24E8BEE8937}.Debug|ARM.Build.0 = Debug|Any CPU
		{6C1F95A6-00FF-47CA-9213-D24E8BEE8937}.Debug|x64.ActiveCfg = Debug|Any CPU
		{6C1F95A6-00FF-47CA-9213-D24E8BEE8937}.Debug|x64.Build.0 = Debug|Any CPU
		{6C1F95A6-00FF-47CA-9213-D24E8BEE8937}.Debug|x86.ActiveCfg = Debug|Any CPU
		{6C1F95A6-00FF-47CA-9213-D24E8BEE8937}.Debug|x86.Build.0 = Debug|Any CPU
		{6C1F95A6-00FF-47CA-9213-D24E8BEE8937}.Release|Any CPU.ActiveCfg = Release|Any CPU
		{6C1F95A6-00FF-47CA-9213-D24E8BEE8937}.Release|Any CPU.Build.0 = Release|Any CPU
		{6C1F95A6-00FF-47CA-9213-D24E8BEE8937}.Release|ARM.ActiveCfg = Release|Any CPU
		{6C1F95A6-00FF-47CA-9213-D24E8BEE8937}.Release|ARM.Build.0 = Release|Any CPU
		{6C1F95A6-00FF-47CA-9213-D24E8BEE8937}.Release|x64.ActiveCfg = Release|Any CPU
		{6C1F95A6-00FF-47CA-9213-D24E8BEE8937}.Release|x64.Build.0 = Release|Any CPU
		{6C1F95A6-00FF-47CA-9213-D24E8BEE8937}.Release|x86.ActiveCfg = Release|Any CPU
		{6C1F95A6-00FF-47CA-9213-D24E8BEE8937}.Release|x86.Build.0 = Release|Any CPU
		{A21D49EE-F309-454A-B456-BB1AED412981}.Debug|Any CPU.ActiveCfg = Debug|Any CPU
		{A21D49EE-F309-454A-B456-BB1AED412981}.Debug|Any CPU.Build.0 = Debug|Any CPU
		{A21D49EE-F309-454A-B456-BB1AED412981}.Debug|ARM.ActiveCfg = Debug|Any CPU
		{A21D49EE-F309-454A-B456-BB1AED412981}.Debug|ARM.Build.0 = Debug|Any CPU
		{A21D49EE-F309-454A-B456-BB1AED412981}.Debug|x64.ActiveCfg = Debug|Any CPU
		{A21D49EE-F309-454A-B456-BB1AED412981}.Debug|x64.Build.0 = Debug|Any CPU
		{A21D49EE-F309-454A-B456-BB1AED412981}.Debug|x86.ActiveCfg = Debug|Any CPU
		{A21D49EE-F309-454A-B456-BB1AED412981}.Debug|x86.Build.0 = Debug|Any CPU
		{A21D49EE-F309-454A-B456-BB1AED412981}.Release|Any CPU.ActiveCfg = Release|Any CPU
		{A21D49EE-F309-454A-B456-BB1AED412981}.Release|Any CPU.Build.0 = Release|Any CPU
		{A21D49EE-F309-454A-B456-BB1AED412981}.Release|ARM.ActiveCfg = Release|Any CPU
		{A21D49EE-F309-454A-B456-BB1AED412981}.Release|ARM.Build.0 = Release|Any CPU
		{A21D49EE-F309-454A-B456-BB1AED412981}.Release|x64.ActiveCfg = Release|Any CPU
		{A21D49EE-F309-454A-B456-BB1AED412981}.Release|x64.Build.0 = Release|Any CPU
		{A21D49EE-F309-454A-B456-BB1AED412981}.Release|x86.ActiveCfg = Release|Any CPU
		{A21D49EE-F309-454A-B456-BB1AED412981}.Release|x86.Build.0 = Release|Any CPU
		{151F8162-7EFA-4889-93D3-918AF398CA94}.Debug|Any CPU.ActiveCfg = Debug|Any CPU
		{151F8162-7EFA-4889-93D3-918AF398CA94}.Debug|Any CPU.Build.0 = Debug|Any CPU
		{151F8162-7EFA-4889-93D3-918AF398CA94}.Debug|ARM.ActiveCfg = Debug|Any CPU
		{151F8162-7EFA-4889-93D3-918AF398CA94}.Debug|ARM.Build.0 = Debug|Any CPU
		{151F8162-7EFA-4889-93D3-918AF398CA94}.Debug|x64.ActiveCfg = Debug|Any CPU
		{151F8162-7EFA-4889-93D3-918AF398CA94}.Debug|x64.Build.0 = Debug|Any CPU
		{151F8162-7EFA-4889-93D3-918AF398CA94}.Debug|x86.ActiveCfg = Debug|Any CPU
		{151F8162-7EFA-4889-93D3-918AF398CA94}.Debug|x86.Build.0 = Debug|Any CPU
		{151F8162-7EFA-4889-93D3-918AF398CA94}.Release|Any CPU.ActiveCfg = Release|Any CPU
		{151F8162-7EFA-4889-93D3-918AF398CA94}.Release|Any CPU.Build.0 = Release|Any CPU
		{151F8162-7EFA-4889-93D3-918AF398CA94}.Release|ARM.ActiveCfg = Release|Any CPU
		{151F8162-7EFA-4889-93D3-918AF398CA94}.Release|ARM.Build.0 = Release|Any CPU
		{151F8162-7EFA-4889-93D3-918AF398CA94}.Release|x64.ActiveCfg = Release|Any CPU
		{151F8162-7EFA-4889-93D3-918AF398CA94}.Release|x64.Build.0 = Release|Any CPU
		{151F8162-7EFA-4889-93D3-918AF398CA94}.Release|x86.ActiveCfg = Release|Any CPU
		{151F8162-7EFA-4889-93D3-918AF398CA94}.Release|x86.Build.0 = Release|Any CPU
	EndGlobalSection
	GlobalSection(SolutionProperties) = preSolution
		HideSolutionNode = FALSE
	EndGlobalSection
	GlobalSection(ExtensibilityGlobals) = postSolution
		SolutionGuid = {DE1E3828-F69B-4558-B722-9B4F43D84E35}
	EndGlobalSection
EndGlobal
